
Microsoft Visual Studio Solution File, Format Version 12.00
# Visual Studio Version 17
VisualStudioVersion = 17.8.34511.84
MinimumVisualStudioVersion = 10.0.40219.1
Project("{9A19103F-16F7-4668-BE54-9A1E7A4F7556}") = "Web_API_PBL", "Web_API\Web_API_PBL.csproj", "{C10317ED-3EB2-4506-8F8E-5E9CF9E2FB19}"
EndProject
Global
	GlobalSection(SolutionConfigurationPlatforms) = preSolution
		Debug|Any CPU = Debug|Any CPU
		Release|Any CPU = Release|Any CPU
	EndGlobalSection
	GlobalSection(ProjectConfigurationPlatforms) = postSolution
		{C10317ED-3EB2-4506-8F8E-5E9CF9E2FB19}.Debug|Any CPU.ActiveCfg = Debug|Any CPU
		{C10317ED-3EB2-4506-8F8E-5E9CF9E2FB19}.Debug|Any CPU.Build.0 = Debug|Any CPU
		{C10317ED-3EB2-4506-8F8E-5E9CF9E2FB19}.Release|Any CPU.ActiveCfg = Release|Any CPU
		{C10317ED-3EB2-4506-8F8E-5E9CF9E2FB19}.Release|Any CPU.Build.0 = Release|Any CPU
	EndGlobalSection
	GlobalSection(SolutionProperties) = preSolution
		HideSolutionNode = FALSE
	EndGlobalSection
	GlobalSection(ExtensibilityGlobals) = postSolution
		SolutionGuid = {329AD9BD-8735-4AB4-8CB1-17139E165016}
	EndGlobalSection
EndGlobal
